uuid: 498cbe26-5564-4f6c-96fe-aa6d1e0953e5
langcode: en
status: true
dependencies:
  content:
    - 'block_content:basic:b9be444b-79cb-4294-91e9-dec7de71ef98'
  module:
    - block_content
    - system
  theme:
    - slivero
id: basicfootercenterblock
theme: slivero
region: footer_center
weight: 0
provider: null
plugin: 'block_content:b9be444b-79cb-4294-91e9-dec7de71ef98'
settings:
  id: 'block_content:b9be444b-79cb-4294-91e9-dec7de71ef98'
  label: 'Basic Footer Center Block'
  label_display: '0'
  provider: block_content
  status: true
  info: ''
  view_mode: full
visibility:
  request_path:
    id: request_path
    negate: true
    pages: ''
